// !$*UTF8*$!
{
	archiveVersion = 1;
	classes = {
	};
	objectVersion = 50;
	objects = {

/* Begin PBXBuildFile section */
		9973826C23BD967600398F9D /* class1.cpp in Sources */ = {isa = PBXBuildFile; fileRef = 9973826423BD967600398F9D /* class1.cpp */; };
		9973826D23BD967600398F9D /* main.cpp in Sources */ = {isa = PBXBuildFile; fileRef = 9973826923BD967600398F9D /* main.cpp */; };
		9973827523BD96A400398F9D /* main.cpp in Sources */ = {isa = PBXBuildFile; fileRef = 9973827223BD96A400398F9D /* main.cpp */; };
		99A207EC23A5C1BB006A8DE3 /* main.cpp in Sources */ = {isa = PBXBuildFile; fileRef = 99A207EB23A5C1BB006A8DE3 /* main.cpp */; };
		99A207F923A5C392006A8DE3 /* montelight.cpp in Sources */ = {isa = PBXBuildFile; fileRef = 99A207F823A5C392006A8DE3 /* montelight.cpp */; };
		99A2080323A5E4BC006A8DE3 /* sphere.cpp in Sources */ = {isa = PBXBuildFile; fileRef = 99A2080223A5E4BC006A8DE3 /* sphere.cpp */; };
		99A2080523A5E9AE006A8DE3 /* tracer.cpp in Sources */ = {isa = PBXBuildFile; fileRef = 99A2080423A5E9AE006A8DE3 /* tracer.cpp */; };
		99A2080723A5EADC006A8DE3 /* image.cpp in Sources */ = {isa = PBXBuildFile; fileRef = 99A2080623A5EADC006A8DE3 /* image.cpp */; };
/* End PBXBuildFile section */

/* Begin PBXCopyFilesBuildPhase section */
		9973824923B48A8700398F9D /* CopyFiles */ = {
			isa = PBXCopyFilesBuildPhase;
			buildActionMask = 2147483647;
			dstPath = /usr/share/man/man1/;
			dstSubfolderSpec = 0;
			files = (
			);
			runOnlyForDeploymentPostprocessing = 1;
		};
		99A207D223A5B98E006A8DE3 /* CopyFiles */ = {
			isa = PBXCopyFilesBuildPhase;
			buildActionMask = 2147483647;
			dstPath = /usr/share/man/man1/;
			dstSubfolderSpec = 0;
			files = (
			);
			runOnlyForDeploymentPostprocessing = 1;
		};
		99A207DF23A5BB49006A8DE3 /* CopyFiles */ = {
			isa = PBXCopyFilesBuildPhase;
			buildActionMask = 2147483647;
			dstPath = /usr/share/man/man1/;
			dstSubfolderSpec = 0;
			files = (
			);
			runOnlyForDeploymentPostprocessing = 1;
		};
		99A207EF23A5C373006A8DE3 /* CopyFiles */ = {
			isa = PBXCopyFilesBuildPhase;
			buildActionMask = 2147483647;
			dstPath = /usr/share/man/man1/;
			dstSubfolderSpec = 0;
			files = (
			);
			runOnlyForDeploymentPostprocessing = 1;
		};
/* End PBXCopyFilesBuildPhase section */

/* Begin PBXFileReference section */
		9973824B23B48A8700398F9D /* montelightTest */ = {isa = PBXFileReference; explicitFileType = "compiled.mach-o.executable"; includeInIndex = 0; path = montelightTest; sourceTree = BUILT_PRODUCTS_DIR; };
		9973826323BD967600398F9D /* const_test.h */ = {isa = PBXFileReference; fileEncoding = 4; lastKnownFileType = sourcecode.c.h; path = const_test.h; sourceTree = "<group>"; };
		9973826423BD967600398F9D /* class1.cpp */ = {isa = PBXFileReference; fileEncoding = 4; lastKnownFileType = sourcecode.cpp.cpp; path = class1.cpp; sourceTree = "<group>"; };
		9973826523BD967600398F9D /* class_test.h */ = {isa = PBXFileReference; fileEncoding = 4; lastKnownFileType = sourcecode.c.h; path = class_test.h; sourceTree = "<group>"; };
		9973826623BD967600398F9D /* memory.h */ = {isa = PBXFileReference; fileEncoding = 4; lastKnownFileType = sourcecode.c.h; path = memory.h; sourceTree = "<group>"; };
		9973826723BD967600398F9D /* class1.hpp */ = {isa = PBXFileReference; fileEncoding = 4; lastKnownFileType = sourcecode.cpp.h; path = class1.hpp; sourceTree = "<group>"; };
		9973826823BD967600398F9D /* struct.h */ = {isa = PBXFileReference; fileEncoding = 4; lastKnownFileType = sourcecode.c.h; path = struct.h; sourceTree = "<group>"; };
		9973826923BD967600398F9D /* main.cpp */ = {isa = PBXFileReference; fileEncoding = 4; lastKnownFileType = sourcecode.cpp.cpp; path = main.cpp; sourceTree = "<group>"; };
		9973826A23BD967600398F9D /* argu_test.h */ = {isa = PBXFileReference; fileEncoding = 4; lastKnownFileType = sourcecode.c.h; path = argu_test.h; sourceTree = "<group>"; };
		9973826B23BD967600398F9D /* vector.h */ = {isa = PBXFileReference; fileEncoding = 4; lastKnownFileType = sourcecode.c.h; path = vector.h; sourceTree = "<group>"; };
		9973826E23BD96A400398F9D /* tracer.h */ = {isa = PBXFileReference; fileEncoding = 4; lastKnownFileType = sourcecode.c.h; path = tracer.h; sourceTree = "<group>"; };
		9973826F23BD96A400398F9D /* vector.h */ = {isa = PBXFileReference; fileEncoding = 4; lastKnownFileType = sourcecode.c.h; path = vector.h; sourceTree = "<group>"; };
		9973827023BD96A400398F9D /* ray.h */ = {isa = PBXFileReference; fileEncoding = 4; lastKnownFileType = sourcecode.c.h; path = ray.h; sourceTree = "<group>"; };
		9973827123BD96A400398F9D /* shape.h */ = {isa = PBXFileReference; fileEncoding = 4; lastKnownFileType = sourcecode.c.h; path = shape.h; sourceTree = "<group>"; };
		9973827223BD96A400398F9D /* main.cpp */ = {isa = PBXFileReference; fileEncoding = 4; lastKnownFileType = sourcecode.cpp.cpp; path = main.cpp; sourceTree = "<group>"; };
		9973827323BD96A400398F9D /* triangle.h */ = {isa = PBXFileReference; fileEncoding = 4; lastKnownFileType = sourcecode.c.h; path = triangle.h; sourceTree = "<group>"; };
		9973827423BD96A400398F9D /* image.h */ = {isa = PBXFileReference; fileEncoding = 4; lastKnownFileType = sourcecode.c.h; path = image.h; sourceTree = "<group>"; };
		99A207D423A5B98E006A8DE3 /* CppTest */ = {isa = PBXFileReference; explicitFileType = "compiled.mach-o.executable"; includeInIndex = 0; path = CppTest; sourceTree = BUILT_PRODUCTS_DIR; };
		99A207E123A5BB49006A8DE3 /* Leetcode */ = {isa = PBXFileReference; explicitFileType = "compiled.mach-o.executable"; includeInIndex = 0; path = Leetcode; sourceTree = BUILT_PRODUCTS_DIR; };
		99A207EB23A5C1BB006A8DE3 /* main.cpp */ = {isa = PBXFileReference; fileEncoding = 4; lastKnownFileType = sourcecode.cpp.cpp; path = main.cpp; sourceTree = "<group>"; };
		99A207F123A5C373006A8DE3 /* montelight */ = {isa = PBXFileReference; explicitFileType = "compiled.mach-o.executable"; includeInIndex = 0; path = montelight; sourceTree = BUILT_PRODUCTS_DIR; };
		99A207F823A5C392006A8DE3 /* montelight.cpp */ = {isa = PBXFileReference; fileEncoding = 4; lastKnownFileType = sourcecode.cpp.cpp; path = montelight.cpp; sourceTree = "<group>"; };
		99A207FB23A5C5D6006A8DE3 /* vector.h */ = {isa = PBXFileReference; lastKnownFileType = sourcecode.c.h; path = vector.h; sourceTree = "<group>"; };
		99A207FD23A5C63C006A8DE3 /* ray.h */ = {isa = PBXFileReference; lastKnownFileType = sourcecode.c.h; path = ray.h; sourceTree = "<group>"; };
		99A207FE23A5C673006A8DE3 /* image.h */ = {isa = PBXFileReference; lastKnownFileType = sourcecode.c.h; path = image.h; sourceTree = "<group>"; };
		99A207FF23A5C69B006A8DE3 /* shape.h */ = {isa = PBXFileReference; lastKnownFileType = sourcecode.c.h; path = shape.h; sourceTree = "<group>"; };
		99A2080023A5C6B3006A8DE3 /* sphere.h */ = {isa = PBXFileReference; lastKnownFileType = sourcecode.c.h; path = sphere.h; sourceTree = "<group>"; };
		99A2080123A5C730006A8DE3 /* tracer.h */ = {isa = PBXFileReference; lastKnownFileType = sourcecode.c.h; path = tracer.h; sourceTree = "<group>"; };
		99A2080223A5E4BC006A8DE3 /* sphere.cpp */ = {isa = PBXFileReference; lastKnownFileType = sourcecode.cpp.cpp; path = sphere.cpp; sourceTree = "<group>"; };
		99A2080423A5E9AE006A8DE3 /* tracer.cpp */ = {isa = PBXFileReference; lastKnownFileType = sourcecode.cpp.cpp; path = tracer.cpp; sourceTree = "<group>"; };
		99A2080623A5EADC006A8DE3 /* image.cpp */ = {isa = PBXFileReference; lastKnownFileType = sourcecode.cpp.cpp; path = image.cpp; sourceTree = "<group>"; };
/* End PBXFileReference section */

/* Begin PBXFrameworksBuildPhase section */
		9973824823B48A8700398F9D /* Frameworks */ = {
			isa = PBXFrameworksBuildPhase;
			buildActionMask = 2147483647;
			files = (
			);
			runOnlyForDeploymentPostprocessing = 0;
		};
		99A207D123A5B98E006A8DE3 /* Frameworks */ = {
			isa = PBXFrameworksBuildPhase;
			buildActionMask = 2147483647;
			files = (
			);
			runOnlyForDeploymentPostprocessing = 0;
		};
		99A207DE23A5BB49006A8DE3 /* Frameworks */ = {
			isa = PBXFrameworksBuildPhase;
			buildActionMask = 2147483647;
			files = (
			);
			runOnlyForDeploymentPostprocessing = 0;
		};
		99A207EE23A5C373006A8DE3 /* Frameworks */ = {
			isa = PBXFrameworksBuildPhase;
			buildActionMask = 2147483647;
			files = (
			);
			runOnlyForDeploymentPostprocessing = 0;
		};
/* End PBXFrameworksBuildPhase section */

/* Begin PBXGroup section */
		9973824C23B48A8700398F9D /* montelightTest */ = {
			isa = PBXGroup;
			children = (
				9973827423BD96A400398F9D /* image.h */,
				9973827223BD96A400398F9D /* main.cpp */,
				9973827023BD96A400398F9D /* ray.h */,
				9973827123BD96A400398F9D /* shape.h */,
				9973826E23BD96A400398F9D /* tracer.h */,
				9973827323BD96A400398F9D /* triangle.h */,
				9973826F23BD96A400398F9D /* vector.h */,
			);
			path = montelightTest;
			sourceTree = "<group>";
		};
		99A207DB23A5BAD5006A8DE3 /* Frameworks */ = {
			isa = PBXGroup;
			children = (
			);
			name = Frameworks;
			sourceTree = "<group>";
		};
		99A207E223A5BB49006A8DE3 /* Leetcode */ = {
			isa = PBXGroup;
			children = (
				99A207EB23A5C1BB006A8DE3 /* main.cpp */,
			);
			path = Leetcode;
			sourceTree = "<group>";
		};
		99A207F223A5C373006A8DE3 /* montelight */ = {
			isa = PBXGroup;
			children = (
				99A207F823A5C392006A8DE3 /* montelight.cpp */,
				99A207FB23A5C5D6006A8DE3 /* vector.h */,
				99A207FD23A5C63C006A8DE3 /* ray.h */,
				99A207FE23A5C673006A8DE3 /* image.h */,
				99A2080623A5EADC006A8DE3 /* image.cpp */,
				99A207FF23A5C69B006A8DE3 /* shape.h */,
				99A2080023A5C6B3006A8DE3 /* sphere.h */,
				99A2080223A5E4BC006A8DE3 /* sphere.cpp */,
				99A2080123A5C730006A8DE3 /* tracer.h */,
				99A2080423A5E9AE006A8DE3 /* tracer.cpp */,
			);
			path = montelight;
			sourceTree = "<group>";
		};
		99F1AFA2230A3BC200FB41FF = {
			isa = PBXGroup;
			children = (
				99F1AFAD230A3BC200FB41FF /* CppTest */,
				99A207E223A5BB49006A8DE3 /* Leetcode */,
				99A207F223A5C373006A8DE3 /* montelight */,
				9973824C23B48A8700398F9D /* montelightTest */,
				99F1AFAC230A3BC200FB41FF /* Products */,
				99A207DB23A5BAD5006A8DE3 /* Frameworks */,
			);
			sourceTree = "<group>";
		};
		99F1AFAC230A3BC200FB41FF /* Products */ = {
			isa = PBXGroup;
			children = (
				99A207D423A5B98E006A8DE3 /* CppTest */,
				99A207E123A5BB49006A8DE3 /* Leetcode */,
				99A207F123A5C373006A8DE3 /* montelight */,
				9973824B23B48A8700398F9D /* montelightTest */,
			);
			name = Products;
			sourceTree = "<group>";
		};
		99F1AFAD230A3BC200FB41FF /* CppTest */ = {
			isa = PBXGroup;
			children = (
				9973826A23BD967600398F9D /* argu_test.h */,
				9973826523BD967600398F9D /* class_test.h */,
				9973826423BD967600398F9D /* class1.cpp */,
				9973826723BD967600398F9D /* class1.hpp */,
				9973826323BD967600398F9D /* const_test.h */,
				9973826923BD967600398F9D /* main.cpp */,
				9973826623BD967600398F9D /* memory.h */,
				9973826823BD967600398F9D /* struct.h */,
				9973826B23BD967600398F9D /* vector.h */,
			);
			path = CppTest;
			sourceTree = "<group>";
		};
/* End PBXGroup section */

/* Begin PBXNativeTarget section */
		9973824A23B48A8700398F9D /* montelightTest */ = {
			isa = PBXNativeTarget;
			buildConfigurationList = 9973824F23B48A8700398F9D /* Build configuration list for PBXNativeTarget "montelightTest" */;
			buildPhases = (
				9973824723B48A8700398F9D /* Sources */,
				9973824823B48A8700398F9D /* Frameworks */,
				9973824923B48A8700398F9D /* CopyFiles */,
			);
			buildRules = (
			);
			dependencies = (
			);
			name = montelightTest;
			productName = montelightTest;
			productReference = 9973824B23B48A8700398F9D /* montelightTest */;
			productType = "com.apple.product-type.tool";
		};
		99A207D323A5B98E006A8DE3 /* CppTest */ = {
			isa = PBXNativeTarget;
			buildConfigurationList = 99A207D823A5B98E006A8DE3 /* Build configuration list for PBXNativeTarget "CppTest" */;
			buildPhases = (
				99A207D023A5B98E006A8DE3 /* Sources */,
				99A207D123A5B98E006A8DE3 /* Frameworks */,
				99A207D223A5B98E006A8DE3 /* CopyFiles */,
			);
			buildRules = (
			);
			dependencies = (
			);
			name = CppTest;
			productName = CppTest;
			productReference = 99A207D423A5B98E006A8DE3 /* CppTest */;
			productType = "com.apple.product-type.tool";
		};
		99A207E023A5BB49006A8DE3 /* Leetcode */ = {
			isa = PBXNativeTarget;
			buildConfigurationList = 99A207E523A5BB49006A8DE3 /* Build configuration list for PBXNativeTarget "Leetcode" */;
			buildPhases = (
				99A207DD23A5BB49006A8DE3 /* Sources */,
				99A207DE23A5BB49006A8DE3 /* Frameworks */,
				99A207DF23A5BB49006A8DE3 /* CopyFiles */,
			);
			buildRules = (
			);
			dependencies = (
			);
			name = Leetcode;
			productName = Leetcode;
			productReference = 99A207E123A5BB49006A8DE3 /* Leetcode */;
			productType = "com.apple.product-type.tool";
		};
		99A207F023A5C373006A8DE3 /* montelight */ = {
			isa = PBXNativeTarget;
			buildConfigurationList = 99A207F523A5C373006A8DE3 /* Build configuration list for PBXNativeTarget "montelight" */;
			buildPhases = (
				99A207ED23A5C373006A8DE3 /* Sources */,
				99A207EE23A5C373006A8DE3 /* Frameworks */,
				99A207EF23A5C373006A8DE3 /* CopyFiles */,
			);
			buildRules = (
			);
			dependencies = (
			);
			name = montelight;
			productName = montelight;
			productReference = 99A207F123A5C373006A8DE3 /* montelight */;
			productType = "com.apple.product-type.tool";
		};
/* End PBXNativeTarget section */

/* Begin PBXProject section */
		99F1AFA3230A3BC200FB41FF /* Project object */ = {
			isa = PBXProject;
			attributes = {
				LastUpgradeCheck = 1030;
				ORGANIZATIONNAME = "Victor Li";
				TargetAttributes = {
					9973824A23B48A8700398F9D = {
						CreatedOnToolsVersion = 11.1;
					};
					99A207D323A5B98E006A8DE3 = {
						CreatedOnToolsVersion = 11.1;
					};
					99A207E023A5BB49006A8DE3 = {
						CreatedOnToolsVersion = 11.1;
					};
					99A207F023A5C373006A8DE3 = {
						CreatedOnToolsVersion = 11.1;
					};
				};
			};
			buildConfigurationList = 99F1AFA6230A3BC200FB41FF /* Build configuration list for PBXProject "CppTest" */;
			compatibilityVersion = "Xcode 9.3";
			developmentRegion = en;
			hasScannedForEncodings = 0;
			knownRegions = (
				en,
			);
			mainGroup = 99F1AFA2230A3BC200FB41FF;
			productRefGroup = 99F1AFAC230A3BC200FB41FF /* Products */;
			projectDirPath = "";
			projectRoot = "";
			targets = (
				99A207D323A5B98E006A8DE3 /* CppTest */,
				99A207E023A5BB49006A8DE3 /* Leetcode */,
				99A207F023A5C373006A8DE3 /* montelight */,
				9973824A23B48A8700398F9D /* montelightTest */,
			);
		};
/* End PBXProject section */

/* Begin PBXSourcesBuildPhase section */
		9973824723B48A8700398F9D /* Sources */ = {
			isa = PBXSourcesBuildPhase;
			buildActionMask = 2147483647;
			files = (
				9973827523BD96A400398F9D /* main.cpp in Sources */,
			);
			runOnlyForDeploymentPostprocessing = 0;
		};
		99A207D023A5B98E006A8DE3 /* Sources */ = {
			isa = PBXSourcesBuildPhase;
			buildActionMask = 2147483647;
			files = (
				9973826D23BD967600398F9D /* main.cpp in Sources */,
				9973826C23BD967600398F9D /* class1.cpp in Sources */,
			);
			runOnlyForDeploymentPostprocessing = 0;
		};
		99A207DD23A5BB49006A8DE3 /* Sources */ = {
			isa = PBXSourcesBuildPhase;
			buildActionMask = 2147483647;
			files = (
				99A207EC23A5C1BB006A8DE3 /* main.cpp in Sources */,
			);
			runOnlyForDeploymentPostprocessing = 0;
		};
		99A207ED23A5C373006A8DE3 /* Sources */ = {
			isa = PBXSourcesBuildPhase;
			buildActionMask = 2147483647;
			files = (
				99A2080523A5E9AE006A8DE3 /* tracer.cpp in Sources */,
				99A2080723A5EADC006A8DE3 /* image.cpp in Sources */,
				99A2080323A5E4BC006A8DE3 /* sphere.cpp in Sources */,
				99A207F923A5C392006A8DE3 /* montelight.cpp in Sources */,
			);
			runOnlyForDeploymentPostprocessing = 0;
		};
/* End PBXSourcesBuildPhase section */

/* Begin XCBuildConfiguration section */
		9973825023B48A8700398F9D /* Debug */ = {
			isa = XCBuildConfiguration;
			buildSettings = {
				CODE_SIGN_STYLE = Automatic;
				MACOSX_DEPLOYMENT_TARGET = 10.15;
				PRODUCT_NAME = "$(TARGET_NAME)";
			};
			name = Debug;
		};
		9973825123B48A8700398F9D /* Release */ = {
			isa = XCBuildConfiguration;
			buildSettings = {
				CODE_SIGN_STYLE = Automatic;
				MACOSX_DEPLOYMENT_TARGET = 10.15;
				PRODUCT_NAME = "$(TARGET_NAME)";
			};
			name = Release;
		};
		99A207D923A5B98E006A8DE3 /* Debug */ = {
			isa = XCBuildConfiguration;
			buildSettings = {
				CODE_SIGN_STYLE = Automatic;
				MACOSX_DEPLOYMENT_TARGET = 10.15;
				PRODUCT_NAME = "$(TARGET_NAME)";
			};
			name = Debug;
		};
		99A207DA23A5B98E006A8DE3 /* Release */ = {
			isa = XCBuildConfiguration;
			buildSettings = {
				CODE_SIGN_STYLE = Automatic;
				MACOSX_DEPLOYMENT_TARGET = 10.15;
				PRODUCT_NAME = "$(TARGET_NAME)";
			};
			name = Release;
		};
		99A207E623A5BB49006A8DE3 /* Debug */ = {
			isa = XCBuildConfiguration;
			buildSettings = {
				CODE_SIGN_STYLE = Automatic;
				MACOSX_DEPLOYMENT_TARGET = 10.15;
				PRODUCT_NAME = "$(TARGET_NAME)";
			};
			name = Debug;
		};
		99A207E723A5BB49006A8DE3 /* Release */ = {
			isa = XCBuildConfiguration;
			buildSettings = {
				CODE_SIGN_STYLE = Automatic;
				MACOSX_DEPLOYMENT_TARGET = 10.15;
				PRODUCT_NAME = "$(TARGET_NAME)";
			};
			name = Release;
		};
		99A207F623A5C373006A8DE3 /* Debug */ = {
			isa = XCBuildConfiguration;
			buildSettings = {
				CODE_SIGN_STYLE = Automatic;
				MACOSX_DEPLOYMENT_TARGET = 10.15;
				PRODUCT_NAME = "$(TARGET_NAME)";
			};
			name = Debug;
		};
		99A207F723A5C373006A8DE3 /* Release */ = {
			isa = XCBuildConfiguration;
			buildSettings = {
				CODE_SIGN_STYLE = Automatic;
				MACOSX_DEPLOYMENT_TARGET = 10.15;
				PRODUCT_NAME = "$(TARGET_NAME)";
			};
			name = Release;
		};
		99F1AFB0230A3BC200FB41FF /* Debug */ = {
			isa = XCBuildConfiguration;
			buildSettings = {
				ALWAYS_SEARCH_USER_PATHS = NO;
				CLANG_ANALYZER_NONNULL = YES;
				CLANG_ANALYZER_NUMBER_OBJECT_CONVERSION = YES_AGGRESSIVE;
				CLANG_CXX_LANGUAGE_STANDARD = "gnu++14";
				CLANG_CXX_LIBRARY = "libc++";
				CLANG_ENABLE_MODULES = YES;
				CLANG_ENABLE_OBJC_ARC = YES;
				CLANG_ENABLE_OBJC_WEAK = YES;
				CLANG_WARN_BLOCK_CAPTURE_AUTORELEASING = YES;
				CLANG_WARN_BOOL_CONVERSION = YES;
				CLANG_WARN_COMMA = YES;
				CLANG_WARN_CONSTANT_CONVERSION = YES;
				CLANG_WARN_DEPRECATED_OBJC_IMPLEMENTATIONS = YES;
				CLANG_WARN_DIRECT_OBJC_ISA_USAGE = YES_ERROR;
				CLANG_WARN_DOCUMENTATION_COMMENTS = YES;
				CLANG_WARN_EMPTY_BODY = YES;
				CLANG_WARN_ENUM_CONVERSION = YES;
				CLANG_WARN_INFINITE_RECURSION = YES;
				CLANG_WARN_INT_CONVERSION = YES;
				CLANG_WARN_NON_LITERAL_NULL_CONVERSION = YES;
				CLANG_WARN_OBJC_IMPLICIT_RETAIN_SELF = YES;
				CLANG_WARN_OBJC_LITERAL_CONVERSION = YES;
				CLANG_WARN_OBJC_ROOT_CLASS = YES_ERROR;
				CLANG_WARN_RANGE_LOOP_ANALYSIS = YES;
				CLANG_WARN_STRICT_PROTOTYPES = YES;
				CLANG_WARN_SUSPICIOUS_MOVE = YES;
				CLANG_WARN_UNGUARDED_AVAILABILITY = YES_AGGRESSIVE;
				CLANG_WARN_UNREACHABLE_CODE = YES;
				CLANG_WARN__DUPLICATE_METHOD_MATCH = YES;
				CODE_SIGN_IDENTITY = "-";
				COPY_PHASE_STRIP = NO;
				DEBUG_INFORMATION_FORMAT = dwarf;
				ENABLE_STRICT_OBJC_MSGSEND = YES;
				ENABLE_TESTABILITY = YES;
				GCC_C_LANGUAGE_STANDARD = gnu11;
				GCC_DYNAMIC_NO_PIC = NO;
				GCC_NO_COMMON_BLOCKS = YES;
				GCC_OPTIMIZATION_LEVEL = 0;
				GCC_PREPROCESSOR_DEFINITIONS = (
					"DEBUG=1",
					"$(inherited)",
				);
				GCC_WARN_64_TO_32_BIT_CONVERSION = YES;
				GCC_WARN_ABOUT_RETURN_TYPE = YES_ERROR;
				GCC_WARN_UNDECLARED_SELECTOR = YES;
				GCC_WARN_UNINITIALIZED_AUTOS = YES_AGGRESSIVE;
				GCC_WARN_UNUSED_FUNCTION = YES;
				GCC_WARN_UNUSED_VARIABLE = YES;
				MACOSX_DEPLOYMENT_TARGET = 10.14;
				MTL_ENABLE_DEBUG_INFO = INCLUDE_SOURCE;
				MTL_FAST_MATH = YES;
				ONLY_ACTIVE_ARCH = YES;
				SDKROOT = macosx;
			};
			name = Debug;
		};
		99F1AFB1230A3BC200FB41FF /* Release */ = {
			isa = XCBuildConfiguration;
			buildSettings = {
				ALWAYS_SEARCH_USER_PATHS = NO;
				CLANG_ANALYZER_NONNULL = YES;
				CLANG_ANALYZER_NUMBER_OBJECT_CONVERSION = YES_AGGRESSIVE;
				CLANG_CXX_LANGUAGE_STANDARD = "gnu++14";
				CLANG_CXX_LIBRARY = "libc++";
				CLANG_ENABLE_MODULES = YES;
				CLANG_ENABLE_OBJC_ARC = YES;
				CLANG_ENABLE_OBJC_WEAK = YES;
				CLANG_WARN_BLOCK_CAPTURE_AUTORELEASING = YES;
				CLANG_WARN_BOOL_CONVERSION = YES;
				CLANG_WARN_COMMA = YES;
				CLANG_WARN_CONSTANT_CONVERSION = YES;
				CLANG_WARN_DEPRECATED_OBJC_IMPLEMENTATIONS = YES;
				CLANG_WARN_DIRECT_OBJC_ISA_USAGE = YES_ERROR;
				CLANG_WARN_DOCUMENTATION_COMMENTS = YES;
				CLANG_WARN_EMPTY_BODY = YES;
				CLANG_WARN_ENUM_CONVERSION = YES;
				CLANG_WARN_INFINITE_RECURSION = YES;
				CLANG_WARN_INT_CONVERSION = YES;
				CLANG_WARN_NON_LITERAL_NULL_CONVERSION = YES;
				CLANG_WARN_OBJC_IMPLICIT_RETAIN_SELF = YES;
				CLANG_WARN_OBJC_LITERAL_CONVERSION = YES;
				CLANG_WARN_OBJC_ROOT_CLASS = YES_ERROR;
				CLANG_WARN_RANGE_LOOP_ANALYSIS = YES;
				CLANG_WARN_STRICT_PROTOTYPES = YES;
				CLANG_WARN_SUSPICIOUS_MOVE = YES;
				CLANG_WARN_UNGUARDED_AVAILABILITY = YES_AGGRESSIVE;
				CLANG_WARN_UNREACHABLE_CODE = YES;
				CLANG_WARN__DUPLICATE_METHOD_MATCH = YES;
				CODE_SIGN_IDENTITY = "-";
				COPY_PHASE_STRIP = NO;
				DEBUG_INFORMATION_FORMAT = "dwarf-with-dsym";
				ENABLE_NS_ASSERTIONS = NO;
				ENABLE_STRICT_OBJC_MSGSEND = YES;
				GCC_C_LANGUAGE_STANDARD = gnu11;
				GCC_NO_COMMON_BLOCKS = YES;
				GCC_WARN_64_TO_32_BIT_CONVERSION = YES;
				GCC_WARN_ABOUT_RETURN_TYPE = YES_ERROR;
				GCC_WARN_UNDECLARED_SELECTOR = YES;
				GCC_WARN_UNINITIALIZED_AUTOS = YES_AGGRESSIVE;
				GCC_WARN_UNUSED_FUNCTION = YES;
				GCC_WARN_UNUSED_VARIABLE = YES;
				MACOSX_DEPLOYMENT_TARGET = 10.14;
				MTL_ENABLE_DEBUG_INFO = NO;
				MTL_FAST_MATH = YES;
				SDKROOT = macosx;
			};
			name = Release;
		};
/* End XCBuildConfiguration section */

/* Begin XCConfigurationList section */
		9973824F23B48A8700398F9D /* Build configuration list for PBXNativeTarget "montelightTest" */ = {
			isa = XCConfigurationList;
			buildConfigurations = (
				9973825023B48A8700398F9D /* Debug */,
				9973825123B48A8700398F9D /* Release */,
			);
			defaultConfigurationIsVisible = 0;
			defaultConfigurationName = Release;
		};
		99A207D823A5B98E006A8DE3 /* Build configuration list for PBXNativeTarget "CppTest" */ = {
			isa = XCConfigurationList;
			buildConfigurations = (
				99A207D923A5B98E006A8DE3 /* Debug */,
				99A207DA23A5B98E006A8DE3 /* Release */,
			);
			defaultConfigurationIsVisible = 0;
			defaultConfigurationName = Release;
		};
		99A207E523A5BB49006A8DE3 /* Build configuration list for PBXNativeTarget "Leetcode" */ = {
			isa = XCConfigurationList;
			buildConfigurations = (
				99A207E623A5BB49006A8DE3 /* Debug */,
				99A207E723A5BB49006A8DE3 /* Release */,
			);
			defaultConfigurationIsVisible = 0;
			defaultConfigurationName = Release;
		};
		99A207F523A5C373006A8DE3 /* Build configuration list for PBXNativeTarget "montelight" */ = {
			isa = XCConfigurationList;
			buildConfigurations = (
				99A207F623A5C373006A8DE3 /* Debug */,
				99A207F723A5C373006A8DE3 /* Release */,
			);
			defaultConfigurationIsVisible = 0;
			defaultConfigurationName = Release;
		};
		99F1AFA6230A3BC200FB41FF /* Build configuration list for PBXProject "CppTest" */ = {
			isa = XCConfigurationList;
			buildConfigurations = (
				99F1AFB0230A3BC200FB41FF /* Debug */,
				99F1AFB1230A3BC200FB41FF /* Release */,
			);
			defaultConfigurationIsVisible = 0;
			defaultConfigurationName = Release;
		};
/* End XCConfigurationList section */
	};
	rootObject = 99F1AFA3230A3BC200FB41FF /* Project object */;
}
