
Microsoft Visual Studio Solution File, Format Version 12.00
# Visual Studio Version 16
VisualStudioVersion = 16.0.29519.181
MinimumVisualStudioVersion = 10.0.40219.1
Project("{8BC9CEB8-8B4A-11D0-8D11-00A0C91BC942}") = "CppTest", "CppTest.vcxproj", "{3DB7820C-5A63-40E6-879A-C46625017F2F}"
EndProject
Project("{8BC9CEB8-8B4A-11D0-8D11-00A0C91BC942}") = "Leetcode", "..\Leetcode\Leetcode.vcxproj", "{CF59F20D-C03E-4ECC-AEBD-512AAA387960}"
EndProject
Project("{8BC9CEB8-8B4A-11D0-8D11-00A0C91BC942}") = "montelight", "..\montelight\montelight.vcxproj", "{28AAE460-D4E6-446A-9615-D4370285EB19}"
EndProject
Project("{8BC9CEB8-8B4A-11D0-8D11-00A0C91BC942}") = "montelightTest", "..\montelightTest\montelightTest.vcxproj", "{8F580094-B8A6-4230-B0CD-5F0D4BC5AB5D}"
EndProject
Global
	GlobalSection(SolutionConfigurationPlatforms) = preSolution
		Debug|x64 = Debug|x64
		Debug|x86 = Debug|x86
		Release|x64 = Release|x64
		Release|x86 = Release|x86
	EndGlobalSection
	GlobalSection(ProjectConfigurationPlatforms) = postSolution
		{3DB7820C-5A63-40E6-879A-C46625017F2F}.Debug|x64.ActiveCfg = Debug|x64
		{3DB7820C-5A63-40E6-879A-C46625017F2F}.Debug|x64.Build.0 = Debug|x64
		{3DB7820C-5A63-40E6-879A-C46625017F2F}.Debug|x86.ActiveCfg = Debug|Win32
		{3DB7820C-5A63-40E6-879A-C46625017F2F}.Debug|x86.Build.0 = Debug|Win32
		{3DB7820C-5A63-40E6-879A-C46625017F2F}.Release|x64.ActiveCfg = Release|x64
		{3DB7820C-5A63-40E6-879A-C46625017F2F}.Release|x64.Build.0 = Release|x64
		{3DB7820C-5A63-40E6-879A-C46625017F2F}.Release|x86.ActiveCfg = Release|Win32
		{3DB7820C-5A63-40E6-879A-C46625017F2F}.Release|x86.Build.0 = Release|Win32
		{CF59F20D-C03E-4ECC-AEBD-512AAA387960}.Debug|x64.ActiveCfg = Debug|x64
		{CF59F20D-C03E-4ECC-AEBD-512AAA387960}.Debug|x64.Build.0 = Debug|x64
		{CF59F20D-C03E-4ECC-AEBD-512AAA387960}.Debug|x86.ActiveCfg = Debug|Win32
		{CF59F20D-C03E-4ECC-AEBD-512AAA387960}.Debug|x86.Build.0 = Debug|Win32
		{CF59F20D-C03E-4ECC-AEBD-512AAA387960}.Release|x64.ActiveCfg = Release|x64
		{CF59F20D-C03E-4ECC-AEBD-512AAA387960}.Release|x64.Build.0 = Release|x64
		{CF59F20D-C03E-4ECC-AEBD-512AAA387960}.Release|x86.ActiveCfg = Release|Win32
		{CF59F20D-C03E-4ECC-AEBD-512AAA387960}.Release|x86.Build.0 = Release|Win32
		{28AAE460-D4E6-446A-9615-D4370285EB19}.Debug|x64.ActiveCfg = Debug|x64
		{28AAE460-D4E6-446A-9615-D4370285EB19}.Debug|x64.Build.0 = Debug|x64
		{28AAE460-D4E6-446A-9615-D4370285EB19}.Debug|x86.ActiveCfg = Debug|Win32
		{28AAE460-D4E6-446A-9615-D4370285EB19}.Debug|x86.Build.0 = Debug|Win32
		{28AAE460-D4E6-446A-9615-D4370285EB19}.Release|x64.ActiveCfg = Release|x64
		{28AAE460-D4E6-446A-9615-D4370285EB19}.Release|x64.Build.0 = Release|x64
		{28AAE460-D4E6-446A-9615-D4370285EB19}.Release|x86.ActiveCfg = Release|Win32
		{28AAE460-D4E6-446A-9615-D4370285EB19}.Release|x86.Build.0 = Release|Win32
		{8F580094-B8A6-4230-B0CD-5F0D4BC5AB5D}.Debug|x64.ActiveCfg = Debug|x64
		{8F580094-B8A6-4230-B0CD-5F0D4BC5AB5D}.Debug|x64.Build.0 = Debug|x64
		{8F580094-B8A6-4230-B0CD-5F0D4BC5AB5D}.Debug|x86.ActiveCfg = Debug|Win32
		{8F580094-B8A6-4230-B0CD-5F0D4BC5AB5D}.Debug|x86.Build.0 = Debug|Win32
		{8F580094-B8A6-4230-B0CD-5F0D4BC5AB5D}.Release|x64.ActiveCfg = Release|x64
		{8F580094-B8A6-4230-B0CD-5F0D4BC5AB5D}.Release|x64.Build.0 = Release|x64
		{8F580094-B8A6-4230-B0CD-5F0D4BC5AB5D}.Release|x86.ActiveCfg = Release|Win32
		{8F580094-B8A6-4230-B0CD-5F0D4BC5AB5D}.Release|x86.Build.0 = Release|Win32
	EndGlobalSection
	GlobalSection(SolutionProperties) = preSolution
		HideSolutionNode = FALSE
	EndGlobalSection
	GlobalSection(ExtensibilityGlobals) = postSolution
		SolutionGuid = {40108073-F293-4125-834B-8EA0BCABBC4E}
	EndGlobalSection
EndGlobal
